Microsoft Visual Studio Solution File, Format Version 11.00
# Visual Studio 2010
Project("{F184B08F-C81C-45F6-A57F-5ABD9991F28F}") = "RichEditHTMLBridgeSL", "RichEditHTMLBridgeSL\RichEditHTMLBridgeSL.vbproj", "{F3D9F650-EA3A-42EE-A5BB-417286308977}"
EndProject
Project("{E24C65DC-7377-472B-9ABA-BC803B73C61A}") = "RichEditHTMLBridgeSL.Web", "RichEditHTMLBridgeSL.Web\", "{340A1EA8-4A64-485F-8444-4740B9E177AF}"
	ProjectSection(WebsiteProperties) = preProject
		TargetFrameworkMoniker = ".NETFramework,Version%3Dv4.0"
		Debug.AspNetCompiler.VirtualPath = "/RichEditHTMLBridgeSL.Web"
		Debug.AspNetCompiler.PhysicalPath = "RichEditHTMLBridgeSL.Web\"
		Debug.AspNetCompiler.TargetPath = "PrecompiledWeb\RichEditHTMLBridgeSL.Web\"
		Debug.AspNetCompiler.Updateable = "true"
		Debug.AspNetCompiler.ForceOverwrite = "true"
		Debug.AspNetCompiler.FixedNames = "false"
		Debug.AspNetCompiler.Debug = "True"
		Release.AspNetCompiler.VirtualPath = "/RichEditHTMLBridgeSL.Web"
		Release.AspNetCompiler.PhysicalPath = "RichEditHTMLBridgeSL.Web\"
		Release.AspNetCompiler.TargetPath = "PrecompiledWeb\RichEditHTMLBridgeSL.Web\"
		Release.AspNetCompiler.Updateable = "true"
		Release.AspNetCompiler.ForceOverwrite = "true"
		Release.AspNetCompiler.FixedNames = "false"
		Release.AspNetCompiler.Debug = "False"
		VWDPort = "3897"
		DefaultWebSiteLanguage = "Visual C#"
		ProjOutputReferences = "{F3D9F650-EA3A-42EE-A5BB-417286308977}|ClientBin|false;"
	EndProjectSection
EndProject
Global
	GlobalSection(SolutionConfigurationPlatforms) = preSolution
		Debug|Any CPU = Debug|Any CPU
		Release|Any CPU = Release|Any CPU
	EndGlobalSection
	GlobalSection(ProjectConfigurationPlatforms) = postSolution
		{F3D9F650-EA3A-42EE-A5BB-417286308977}.Debug|Any CPU.ActiveCfg = Debug|Any CPU
		{F3D9F650-EA3A-42EE-A5BB-417286308977}.Debug|Any CPU.Build.0 = Debug|Any CPU
		{F3D9F650-EA3A-42EE-A5BB-417286308977}.Release|Any CPU.ActiveCfg = Release|Any CPU
		{F3D9F650-EA3A-42EE-A5BB-417286308977}.Release|Any CPU.Build.0 = Release|Any CPU
		{340A1EA8-4A64-485F-8444-4740B9E177AF}.Debug|Any CPU.ActiveCfg = Debug|Any CPU
		{340A1EA8-4A64-485F-8444-4740B9E177AF}.Debug|Any CPU.Build.0 = Debug|Any CPU
		{340A1EA8-4A64-485F-8444-4740B9E177AF}.Release|Any CPU.ActiveCfg = Debug|Any CPU
		{340A1EA8-4A64-485F-8444-4740B9E177AF}.Release|Any CPU.Build.0 = Debug|Any CPU
	EndGlobalSection
	GlobalSection(SolutionProperties) = preSolution
		HideSolutionNode = FALSE
	EndGlobalSection
EndGlobal
